
Microsoft Visual Studio Solution File, Format Version 12.00
# Visual Studio Version 17
VisualStudioVersion = 17.1.32328.378
MinimumVisualStudioVersion = 10.0.40219.1
Project("{8BC9CEB8-8B4A-11D0-8D11-00A0C91BC942}") = "AngstrongNuwacamSdk_Windows", "AngstrongNuwacamSdk_Windows.vcxproj", "{78B71A20-DC62-4655-B5ED-9E600ACA5597}"
EndProject
Project("{8BC9CEB8-8B4A-11D0-8D11-00A0C91BC942}") = "demo", "demo\demo.vcxproj", "{A712F49E-EA4C-4F6A-BD38-DECF414472D4}"
EndProject
Global
	GlobalSection(SolutionConfigurationPlatforms) = preSolution
		Debug|ARM = Debug|ARM
		Debug|ARM64 = Debug|ARM64
		Debug|x64 = Debug|x64
		Debug|x86 = Debug|x86
		Release|ARM = Release|ARM
		Release|ARM64 = Release|ARM64
		Release|x64 = Release|x64
		Release|x86 = Release|x86
	EndGlobalSection
	GlobalSection(ProjectConfigurationPlatforms) = postSolution
		{78B71A20-DC62-4655-B5ED-9E600ACA5597}.Debug|ARM.ActiveCfg = Debug|x64
		{78B71A20-DC62-4655-B5ED-9E600ACA5597}.Debug|ARM.Build.0 = Debug|x64
		{78B71A20-DC62-4655-B5ED-9E600ACA5597}.Debug|ARM64.ActiveCfg = Debug|x64
		{78B71A20-DC62-4655-B5ED-9E600ACA5597}.Debug|ARM64.Build.0 = Debug|x64
		{78B71A20-DC62-4655-B5ED-9E600ACA5597}.Debug|x64.ActiveCfg = Debug|x64
		{78B71A20-DC62-4655-B5ED-9E600ACA5597}.Debug|x64.Build.0 = Debug|x64
		{78B71A20-DC62-4655-B5ED-9E600ACA5597}.Debug|x86.ActiveCfg = Debug|Win32
		{78B71A20-DC62-4655-B5ED-9E600ACA5597}.Debug|x86.Build.0 = Debug|Win32
		{78B71A20-DC62-4655-B5ED-9E600ACA5597}.Release|ARM.ActiveCfg = Release|x64
		{78B71A20-DC62-4655-B5ED-9E600ACA5597}.Release|ARM.Build.0 = Release|x64
		{78B71A20-DC62-4655-B5ED-9E600ACA5597}.Release|ARM64.ActiveCfg = Release|x64
		{78B71A20-DC62-4655-B5ED-9E600ACA5597}.Release|ARM64.Build.0 = Release|x64
		{78B71A20-DC62-4655-B5ED-9E600ACA5597}.Release|x64.ActiveCfg = Release|x64
		{78B71A20-DC62-4655-B5ED-9E600ACA5597}.Release|x64.Build.0 = Release|x64
		{78B71A20-DC62-4655-B5ED-9E600ACA5597}.Release|x86.ActiveCfg = Release|Win32
		{78B71A20-DC62-4655-B5ED-9E600ACA5597}.Release|x86.Build.0 = Release|Win32
		{A712F49E-EA4C-4F6A-BD38-DECF414472D4}.Debug|ARM.ActiveCfg = Debug|x64
		{A712F49E-EA4C-4F6A-BD38-DECF414472D4}.Debug|ARM.Build.0 = Debug|x64
		{A712F49E-EA4C-4F6A-BD38-DECF414472D4}.Debug|ARM64.ActiveCfg = Debug|x64
		{A712F49E-EA4C-4F6A-BD38-DECF414472D4}.Debug|ARM64.Build.0 = Debug|x64
		{A712F49E-EA4C-4F6A-BD38-DECF414472D4}.Debug|x64.ActiveCfg = Debug|x64
		{A712F49E-EA4C-4F6A-BD38-DECF414472D4}.Debug|x64.Build.0 = Debug|x64
		{A712F49E-EA4C-4F6A-BD38-DECF414472D4}.Debug|x86.ActiveCfg = Debug|Win32
		{A712F49E-EA4C-4F6A-BD38-DECF414472D4}.Debug|x86.Build.0 = Debug|Win32
		{A712F49E-EA4C-4F6A-BD38-DECF414472D4}.Release|ARM.ActiveCfg = Release|x64
		{A712F49E-EA4C-4F6A-BD38-DECF414472D4}.Release|ARM.Build.0 = Release|x64
		{A712F49E-EA4C-4F6A-BD38-DECF414472D4}.Release|ARM64.ActiveCfg = Release|x64
		{A712F49E-EA4C-4F6A-BD38-DECF414472D4}.Release|ARM64.Build.0 = Release|x64
		{A712F49E-EA4C-4F6A-BD38-DECF414472D4}.Release|x64.ActiveCfg = Release|x64
		{A712F49E-EA4C-4F6A-BD38-DECF414472D4}.Release|x64.Build.0 = Release|x64
		{A712F49E-EA4C-4F6A-BD38-DECF414472D4}.Release|x86.ActiveCfg = Release|Win32
		{A712F49E-EA4C-4F6A-BD38-DECF414472D4}.Release|x86.Build.0 = Release|Win32
	EndGlobalSection
	GlobalSection(SolutionProperties) = preSolution
		HideSolutionNode = FALSE
	EndGlobalSection
	GlobalSection(ExtensibilityGlobals) = postSolution
		SolutionGuid = {20693C45-86AE-4189-A8A2-513B512F6766}
	EndGlobalSection
EndGlobal
